{
  "pins" : [
    {
      "identity" : "foundationplus",
      "kind" : "remoteSourceControl",
      "location" : "https://github.com/FiveSheepCo/FoundationPlus",
      "state" : {
        "branch" : "main",
        "revision" : "a2dd1b131e8f08fac2d9add0f6b2282be43a598e"
      }
    }
  ],
  "version" : 2
}
