{
  "pins" : [
    {
      "identity" : "foundationplus",
      "kind" : "remoteSourceControl",
      "location" : "https://github.com/FiveSheepCo/FoundationPlus",
      "state" : {
        "branch" : "main",
        "revision" : "791ef8894daf69fa24c28586b6e73ce2ff2f28dc"
      }
    }
  ],
  "version" : 2
}
